
Microsoft Visual Studio Solution File, Format Version 12.00
# Visual Studio Version 16
VisualStudioVersion = 16.0.30330.147
MinimumVisualStudioVersion = 10.0.40219.1
Project("{FAE04EC0-301F-11D3-BF4B-00C04F79EFBC}") = "ManejoArchvio.Consola", "ManejoArchvio.Consola\ManejoArchvio.Consola.csproj", "{B03D73E3-C9AA-4B73-AA4C-7A0CC26FF219}"
EndProject
Project("{FAE04EC0-301F-11D3-BF4B-00C04F79EFBC}") = "ManejoArchivo.Negocio", "ManejoArchivo.Negocio\ManejoArchivo.Negocio.csproj", "{72F1EBBA-61C0-4355-968D-BC29B9E6F8AE}"
EndProject
Project("{2150E333-8FDC-42A3-9474-1A3956D46DE8}") = "Solution Items", "Solution Items", "{7CD79571-FFC0-4264-86FD-B187B3DA020D}"
	ProjectSection(SolutionItems) = preProject
		Nuestro Juramento.txt = Nuestro Juramento.txt
	EndProjectSection
EndProject
Project("{FAE04EC0-301F-11D3-BF4B-00C04F79EFBC}") = "ManejoArchivo.Paralelismo", "ManejoArchivo.Paralelismo\ManejoArchivo.Paralelismo.csproj", "{C836FC64-2BFF-454F-88CD-C2FFF8FBF49C}"
EndProject
Global
	GlobalSection(SolutionConfigurationPlatforms) = preSolution
		Debug|Any CPU = Debug|Any CPU
		Release|Any CPU = Release|Any CPU
	EndGlobalSection
	GlobalSection(ProjectConfigurationPlatforms) = postSolution
		{B03D73E3-C9AA-4B73-AA4C-7A0CC26FF219}.Debug|Any CPU.ActiveCfg = Debug|Any CPU
		{B03D73E3-C9AA-4B73-AA4C-7A0CC26FF219}.Debug|Any CPU.Build.0 = Debug|Any CPU
		{B03D73E3-C9AA-4B73-AA4C-7A0CC26FF219}.Release|Any CPU.ActiveCfg = Release|Any CPU
		{B03D73E3-C9AA-4B73-AA4C-7A0CC26FF219}.Release|Any CPU.Build.0 = Release|Any CPU
		{72F1EBBA-61C0-4355-968D-BC29B9E6F8AE}.Debug|Any CPU.ActiveCfg = Debug|Any CPU
		{72F1EBBA-61C0-4355-968D-BC29B9E6F8AE}.Debug|Any CPU.Build.0 = Debug|Any CPU
		{72F1EBBA-61C0-4355-968D-BC29B9E6F8AE}.Release|Any CPU.ActiveCfg = Release|Any CPU
		{72F1EBBA-61C0-4355-968D-BC29B9E6F8AE}.Release|Any CPU.Build.0 = Release|Any CPU
		{C836FC64-2BFF-454F-88CD-C2FFF8FBF49C}.Debug|Any CPU.ActiveCfg = Debug|Any CPU
		{C836FC64-2BFF-454F-88CD-C2FFF8FBF49C}.Debug|Any CPU.Build.0 = Debug|Any CPU
		{C836FC64-2BFF-454F-88CD-C2FFF8FBF49C}.Release|Any CPU.ActiveCfg = Release|Any CPU
		{C836FC64-2BFF-454F-88CD-C2FFF8FBF49C}.Release|Any CPU.Build.0 = Release|Any CPU
	EndGlobalSection
	GlobalSection(SolutionProperties) = preSolution
		HideSolutionNode = FALSE
	EndGlobalSection
	GlobalSection(ExtensibilityGlobals) = postSolution
		SolutionGuid = {C00D2358-6050-46E9-AF61-BFAB4CEC86AD}
	EndGlobalSection
EndGlobal
